
Microsoft Visual Studio Solution File, Format Version 12.00
# Visual Studio 15
VisualStudioVersion = 15.0.28307.136
MinimumVisualStudioVersion = 10.0.40219.1
Project("{FAE04EC0-301F-11D3-BF4B-00C04F79EFBC}") = "ByteBank", "ByteBank\ByteBank.csproj", "{7906DB87-B948-439D-A406-CCE7A4FC0000}"
EndProject
Global
	GlobalSection(SolutionConfigurationPlatforms) = preSolution
		Debug|Any CPU = Debug|Any CPU
		Release|Any CPU = Release|Any CPU
	EndGlobalSection
	GlobalSection(ProjectConfigurationPlatforms) = postSolution
		{7906DB87-B948-439D-A406-CCE7A4FC0000}.Debug|Any CPU.ActiveCfg = Debug|Any CPU
		{7906DB87-B948-439D-A406-CCE7A4FC0000}.Debug|Any CPU.Build.0 = Debug|Any CPU
		{7906DB87-B948-439D-A406-CCE7A4FC0000}.Release|Any CPU.ActiveCfg = Release|Any CPU
		{7906DB87-B948-439D-A406-CCE7A4FC0000}.Release|Any CPU.Build.0 = Release|Any CPU
	EndGlobalSection
	GlobalSection(SolutionProperties) = preSolution
		HideSolutionNode = FALSE
	EndGlobalSection
	GlobalSection(ExtensibilityGlobals) = postSolution
		SolutionGuid = {EE750644-2A5B-4871-8075-468768AEBA58}
	EndGlobalSection
EndGlobal
